{
  "name": "kokkoro-clan-battle-assistant",
  "version": "1.0.0",
  "lockfileVersion": 3,
  "requires": true,
  "packages": {
    "": {
      "name": "kokkoro-clan-battle-assistant",
      "version": "1.0.0",
      "license": "ISC",
      "dependencies": {
        "bmp-js": "^0.1.0",
        "pngjs": "^7.0.0"
      }
    },
    "node_modules/bmp-js": {
      "version": "0.1.0",
      "resolved": "https://registry.npmmirror.com/bmp-js/-/bmp-js-0.1.0.tgz",
      "integrity": "sha512-vHdS19CnY3hwiNdkaqk93DvjVLfbEcI8mys4UjuWrlX1haDmroo8o4xCzh4wD6DGV6HxRCyauwhHRqMTfERtjw==",
      "license": "MIT"
    },
    "node_modules/pngjs": {
      "version": "7.0.0",
      "resolved": "https://registry.npmmirror.com/pngjs/-/pngjs-7.0.0.tgz",
      "integrity": "sha512-LKWqWJRhstyYo9pGvgor/ivk2w94eSjE3RGVuzLGlr3NmD8bf7RcYGze1mNdEHRP6TRP6rMuDHk5t44hnTRyow==",
      "license": "MIT",
      "engines": {
        "node": ">=14.19.0"
      }
    }
  }
}
